
Microsoft Visual Studio Solution File, Format Version 12.00
# Visual Studio 2015
Project("{FAE04EC0-301F-11D3-BF4B-00C04F79EFBC}") = "GAME303 Lab 3.Plugins", "GAME303 Lab 3.Plugins.csproj", "{A5BC65DE-32C6-60F7-5976-387F524680B2}"
EndProject
Project("{FAE04EC0-301F-11D3-BF4B-00C04F79EFBC}") = "GAME303 Lab 3", "GAME303 Lab 3.csproj", "{85BF4C65-43D5-57D7-8E3F-3B3AF0869C48}"
EndProject
Project("{FAE04EC0-301F-11D3-BF4B-00C04F79EFBC}") = "GAME303 Lab 3.Editor.Plugins", "GAME303 Lab 3.Editor.Plugins.csproj", "{E0C4979A-EBFB-775F-6F9A-DB975F7BA0BC}"
EndProject
Global
	GlobalSection(SolutionConfigurationPlatforms) = preSolution
		Debug|Any CPU = Debug|Any CPU
		Release|Any CPU = Release|Any CPU
	EndGlobalSection
	GlobalSection(ProjectConfigurationPlatforms) = postSolution
		{A5BC65DE-32C6-60F7-5976-387F524680B2}.Debug|Any CPU.ActiveCfg = Debug|Any CPU
		{A5BC65DE-32C6-60F7-5976-387F524680B2}.Debug|Any CPU.Build.0 = Debug|Any CPU
		{A5BC65DE-32C6-60F7-5976-387F524680B2}.Release|Any CPU.ActiveCfg = Release|Any CPU
		{A5BC65DE-32C6-60F7-5976-387F524680B2}.Release|Any CPU.Build.0 = Release|Any CPU
		{85BF4C65-43D5-57D7-8E3F-3B3AF0869C48}.Debug|Any CPU.ActiveCfg = Debug|Any CPU
		{85BF4C65-43D5-57D7-8E3F-3B3AF0869C48}.Debug|Any CPU.Build.0 = Debug|Any CPU
		{85BF4C65-43D5-57D7-8E3F-3B3AF0869C48}.Release|Any CPU.ActiveCfg = Release|Any CPU
		{85BF4C65-43D5-57D7-8E3F-3B3AF0869C48}.Release|Any CPU.Build.0 = Release|Any CPU
		{E0C4979A-EBFB-775F-6F9A-DB975F7BA0BC}.Debug|Any CPU.ActiveCfg = Debug|Any CPU
		{E0C4979A-EBFB-775F-6F9A-DB975F7BA0BC}.Debug|Any CPU.Build.0 = Debug|Any CPU
		{E0C4979A-EBFB-775F-6F9A-DB975F7BA0BC}.Release|Any CPU.ActiveCfg = Release|Any CPU
		{E0C4979A-EBFB-775F-6F9A-DB975F7BA0BC}.Release|Any CPU.Build.0 = Release|Any CPU
	EndGlobalSection
	GlobalSection(SolutionProperties) = preSolution
		HideSolutionNode = FALSE
	EndGlobalSection
EndGlobal
